
Microsoft Visual Studio Solution File, Format Version 12.00
# Visual Studio Version 17
VisualStudioVersion = 17.14.36310.24 d17.14
MinimumVisualStudioVersion = 10.0.40219.1
Project("{FAE04EC0-301F-11D3-BF4B-00C04F79EFBC}") = "ToyRobotSimulator", "ToyRobotSimulator\ToyRobotSimulator.csproj", "{BA3753C7-47E1-40E1-A7DE-591890544B0F}"
EndProject
Project("{FAE04EC0-301F-11D3-BF4B-00C04F79EFBC}") = "ToyRobotSimulator.Tests", "ToyRobotSimulator.Tests\ToyRobotSimulator.Tests.csproj", "{F6FC374E-EF4F-4614-A95D-24BFC492D83B}"
EndProject
Global
	GlobalSection(SolutionConfigurationPlatforms) = preSolution
		Debug|Any CPU = Debug|Any CPU
		Release|Any CPU = Release|Any CPU
	EndGlobalSection
	GlobalSection(ProjectConfigurationPlatforms) = postSolution
		{BA3753C7-47E1-40E1-A7DE-591890544B0F}.Debug|Any CPU.ActiveCfg = Debug|Any CPU
		{BA3753C7-47E1-40E1-A7DE-591890544B0F}.Debug|Any CPU.Build.0 = Debug|Any CPU
		{BA3753C7-47E1-40E1-A7DE-591890544B0F}.Release|Any CPU.ActiveCfg = Release|Any CPU
		{BA3753C7-47E1-40E1-A7DE-591890544B0F}.Release|Any CPU.Build.0 = Release|Any CPU
		{F6FC374E-EF4F-4614-A95D-24BFC492D83B}.Debug|Any CPU.ActiveCfg = Debug|Any CPU
		{F6FC374E-EF4F-4614-A95D-24BFC492D83B}.Debug|Any CPU.Build.0 = Debug|Any CPU
		{F6FC374E-EF4F-4614-A95D-24BFC492D83B}.Release|Any CPU.ActiveCfg = Release|Any CPU
		{F6FC374E-EF4F-4614-A95D-24BFC492D83B}.Release|Any CPU.Build.0 = Release|Any CPU
	EndGlobalSection
	GlobalSection(SolutionProperties) = preSolution
		HideSolutionNode = FALSE
	EndGlobalSection
	GlobalSection(ExtensibilityGlobals) = postSolution
		SolutionGuid = {891D4B87-F911-40A2-A0A4-2C3B000D7CE6}
	EndGlobalSection
EndGlobal
